
Microsoft Visual Studio Solution File, Format Version 12.00
# Visual Studio Version 16
VisualStudioVersion = 16.0.30011.22
MinimumVisualStudioVersion = 10.0.40219.1
Project("{FAE04EC0-301F-11D3-BF4B-00C04F79EFBC}") = "K6502Emu", "K6502\K6502\K6502Emu.csproj", "{0E8844EF-A824-4F3B-BBBA-162CCAA59AA9}"
EndProject
Project("{FAE04EC0-301F-11D3-BF4B-00C04F79EFBC}") = "UnitTests", "K6502\UnitTests\UnitTests.csproj", "{1D6CC7A4-193C-4F6C-B362-2C62BC2BFAB0}"
EndProject
Global
	GlobalSection(SolutionConfigurationPlatforms) = preSolution
		Debug|Any CPU = Debug|Any CPU
		Release|Any CPU = Release|Any CPU
	EndGlobalSection
	GlobalSection(ProjectConfigurationPlatforms) = postSolution
		{0E8844EF-A824-4F3B-BBBA-162CCAA59AA9}.Debug|Any CPU.ActiveCfg = Debug|Any CPU
		{0E8844EF-A824-4F3B-BBBA-162CCAA59AA9}.Debug|Any CPU.Build.0 = Debug|Any CPU
		{0E8844EF-A824-4F3B-BBBA-162CCAA59AA9}.Release|Any CPU.ActiveCfg = Release|Any CPU
		{0E8844EF-A824-4F3B-BBBA-162CCAA59AA9}.Release|Any CPU.Build.0 = Release|Any CPU
		{1D6CC7A4-193C-4F6C-B362-2C62BC2BFAB0}.Debug|Any CPU.ActiveCfg = Debug|Any CPU
		{1D6CC7A4-193C-4F6C-B362-2C62BC2BFAB0}.Debug|Any CPU.Build.0 = Debug|Any CPU
		{1D6CC7A4-193C-4F6C-B362-2C62BC2BFAB0}.Release|Any CPU.ActiveCfg = Release|Any CPU
		{1D6CC7A4-193C-4F6C-B362-2C62BC2BFAB0}.Release|Any CPU.Build.0 = Release|Any CPU
	EndGlobalSection
	GlobalSection(SolutionProperties) = preSolution
		HideSolutionNode = FALSE
	EndGlobalSection
	GlobalSection(ExtensibilityGlobals) = postSolution
		SolutionGuid = {19DADA8D-3D25-4471-A9B0-707442664C5D}
	EndGlobalSection
EndGlobal
